hash: 8d6cb84357fac5902b72aa557597c3b2ec37ad7508585530b016bc0cba14d371
updated: 2016-05-26T17:39:19.66546244+09:00
imports:
- name: github.com/BurntSushi/toml
  version: f0aeabca5a127c4078abb8c8d64298b147264b55
- name: github.com/youyo/emptyport
  version: 22345161f53bcadf607b43e5348d9f2100fa67ff
devImports: []
